
Microsoft Visual Studio Solution File, Format Version 12.00
# Visual Studio Version 17
VisualStudioVersion = 17.8.34330.188
MinimumVisualStudioVersion = 10.0.40219.1
Project("{2150E333-8FDC-42A3-9474-1A3956D46DE8}") = "src", "src", "{2A863AFA-0F62-4AA1-A457-71723F8C7AD2}"
EndProject
Project("{FAE04EC0-301F-11D3-BF4B-00C04F79EFBC}") = "Kill_Bind", "Kill_Bind\Kill_Bind.csproj", "{FEE33D6E-8718-403B-BC68-2567FD04FB7B}"
EndProject
Global
	GlobalSection(SolutionConfigurationPlatforms) = preSolution
		Debug|Any CPU = Debug|Any CPU
		Release|Any CPU = Release|Any CPU
	EndGlobalSection
	GlobalSection(ProjectConfigurationPlatforms) = postSolution
		{FEE33D6E-8718-403B-BC68-2567FD04FB7B}.Debug|Any CPU.ActiveCfg = Debug|Any CPU
		{FEE33D6E-8718-403B-BC68-2567FD04FB7B}.Debug|Any CPU.Build.0 = Debug|Any CPU
		{FEE33D6E-8718-403B-BC68-2567FD04FB7B}.Release|Any CPU.ActiveCfg = Release|Any CPU
		{FEE33D6E-8718-403B-BC68-2567FD04FB7B}.Release|Any CPU.Build.0 = Release|Any CPU
	EndGlobalSection
	GlobalSection(SolutionProperties) = preSolution
		HideSolutionNode = FALSE
	EndGlobalSection
	GlobalSection(ExtensibilityGlobals) = postSolution
		SolutionGuid = {6CED0AAD-BBE6-4189-AD69-3EB9D6FCDA50}
	EndGlobalSection
	GlobalSection(NestedProjects) = preSolution
		{FEE33D6E-8718-403B-BC68-2567FD04FB7B} = {2A863AFA-0F62-4AA1-A457-71723F8C7AD2}
	EndGlobalSection
EndGlobal
